
Microsoft Visual Studio Solution File, Format Version 12.00
# Visual Studio Version 17
VisualStudioVersion = 17.14.36221.1 d17.14
MinimumVisualStudioVersion = 10.0.40219.1
Project("{FAE04EC0-301F-11D3-BF4B-00C04F79EFBC}") = "FolderLocker", "FolderLocker\FolderLocker.csproj", "{57D2C351-456F-4E12-B5A7-A0A30EDEC5CE}"
EndProject
Global
	GlobalSection(SolutionConfigurationPlatforms) = preSolution
		Debug|Any CPU = Debug|Any CPU
		Release|Any CPU = Release|Any CPU
	EndGlobalSection
	GlobalSection(ProjectConfigurationPlatforms) = postSolution
		{57D2C351-456F-4E12-B5A7-A0A30EDEC5CE}.Debug|Any CPU.ActiveCfg = Debug|Any CPU
		{57D2C351-456F-4E12-B5A7-A0A30EDEC5CE}.Debug|Any CPU.Build.0 = Debug|Any CPU
		{57D2C351-456F-4E12-B5A7-A0A30EDEC5CE}.Release|Any CPU.ActiveCfg = Release|Any CPU
		{57D2C351-456F-4E12-B5A7-A0A30EDEC5CE}.Release|Any CPU.Build.0 = Release|Any CPU
	EndGlobalSection
	GlobalSection(SolutionProperties) = preSolution
		HideSolutionNode = FALSE
	EndGlobalSection
	GlobalSection(ExtensibilityGlobals) = postSolution
		SolutionGuid = {8B4C8451-68B7-4236-A7D9-6119215CC3A1}
	EndGlobalSection
EndGlobal
